
Microsoft Visual Studio Solution File, Format Version 12.00
# Visual Studio Version 16
VisualStudioVersion = 16.0.30804.86
MinimumVisualStudioVersion = 15.0.26124.0
Project("{2150E333-8FDC-42A3-9474-1A3956D46DE8}") = "src", "src", "{81F07696-D7C3-48B8-A901-FCAC079F5F1F}"
EndProject
Project("{2150E333-8FDC-42A3-9474-1A3956D46DE8}") = "tests", "tests", "{E3C52149-B8CF-484E-9045-C02E470D26A1}"
EndProject
Project("{9A19103F-16F7-4668-BE54-9A1E7A4F7556}") = "ApplicationCore", "src\ApplicationCore\ApplicationCore.csproj", "{7A20BA9D-3200-4BA8-AFBD-BB83AAAB9CD5}"
EndProject
Project("{9A19103F-16F7-4668-BE54-9A1E7A4F7556}") = "Infrastructure", "src\Infrastructure\Infrastructure.csproj", "{CA19829A-964C-4F03-A0AB-84781735202C}"
EndProject
Project("{9A19103F-16F7-4668-BE54-9A1E7A4F7556}") = "Web", "src\Web\Web.csproj", "{F6E0D17C-5ABC-4460-8971-8F0EA9722DF2}"
EndProject
Global
	GlobalSection(SolutionConfigurationPlatforms) = preSolution
		Debug|Any CPU = Debug|Any CPU
		Debug|x64 = Debug|x64
		Debug|x86 = Debug|x86
		Release|Any CPU = Release|Any CPU
		Release|x64 = Release|x64
		Release|x86 = Release|x86
	EndGlobalSection
	GlobalSection(ProjectConfigurationPlatforms) = postSolution
		{7A20BA9D-3200-4BA8-AFBD-BB83AAAB9CD5}.Debug|Any CPU.ActiveCfg = Debug|Any CPU
		{7A20BA9D-3200-4BA8-AFBD-BB83AAAB9CD5}.Debug|Any CPU.Build.0 = Debug|Any CPU
		{7A20BA9D-3200-4BA8-AFBD-BB83AAAB9CD5}.Debug|x64.ActiveCfg = Debug|Any CPU
		{7A20BA9D-3200-4BA8-AFBD-BB83AAAB9CD5}.Debug|x64.Build.0 = Debug|Any CPU
		{7A20BA9D-3200-4BA8-AFBD-BB83AAAB9CD5}.Debug|x86.ActiveCfg = Debug|Any CPU
		{7A20BA9D-3200-4BA8-AFBD-BB83AAAB9CD5}.Debug|x86.Build.0 = Debug|Any CPU
		{7A20BA9D-3200-4BA8-AFBD-BB83AAAB9CD5}.Release|Any CPU.ActiveCfg = Release|Any CPU
		{7A20BA9D-3200-4BA8-AFBD-BB83AAAB9CD5}.Release|Any CPU.Build.0 = Release|Any CPU
		{7A20BA9D-3200-4BA8-AFBD-BB83AAAB9CD5}.Release|x64.ActiveCfg = Release|Any CPU
		{7A20BA9D-3200-4BA8-AFBD-BB83AAAB9CD5}.Release|x64.Build.0 = Release|Any CPU
		{7A20BA9D-3200-4BA8-AFBD-BB83AAAB9CD5}.Release|x86.ActiveCfg = Release|Any CPU
		{7A20BA9D-3200-4BA8-AFBD-BB83AAAB9CD5}.Release|x86.Build.0 = Release|Any CPU
		{CA19829A-964C-4F03-A0AB-84781735202C}.Debug|Any CPU.ActiveCfg = Debug|Any CPU
		{CA19829A-964C-4F03-A0AB-84781735202C}.Debug|Any CPU.Build.0 = Debug|Any CPU
		{CA19829A-964C-4F03-A0AB-84781735202C}.Debug|x64.ActiveCfg = Debug|Any CPU
		{CA19829A-964C-4F03-A0AB-84781735202C}.Debug|x64.Build.0 = Debug|Any CPU
		{CA19829A-964C-4F03-A0AB-84781735202C}.Debug|x86.ActiveCfg = Debug|Any CPU
		{CA19829A-964C-4F03-A0AB-84781735202C}.Debug|x86.Build.0 = Debug|Any CPU
		{CA19829A-964C-4F03-A0AB-84781735202C}.Release|Any CPU.ActiveCfg = Release|Any CPU
		{CA19829A-964C-4F03-A0AB-84781735202C}.Release|Any CPU.Build.0 = Release|Any CPU
		{CA19829A-964C-4F03-A0AB-84781735202C}.Release|x64.ActiveCfg = Release|Any CPU
		{CA19829A-964C-4F03-A0AB-84781735202C}.Release|x64.Build.0 = Release|Any CPU
		{CA19829A-964C-4F03-A0AB-84781735202C}.Release|x86.ActiveCfg = Release|Any CPU
		{CA19829A-964C-4F03-A0AB-84781735202C}.Release|x86.Build.0 = Release|Any CPU
		{F6E0D17C-5ABC-4460-8971-8F0EA9722DF2}.Debug|Any CPU.ActiveCfg = Debug|Any CPU
		{F6E0D17C-5ABC-4460-8971-8F0EA9722DF2}.Debug|Any CPU.Build.0 = Debug|Any CPU
		{F6E0D17C-5ABC-4460-8971-8F0EA9722DF2}.Debug|x64.ActiveCfg = Debug|Any CPU
		{F6E0D17C-5ABC-4460-8971-8F0EA9722DF2}.Debug|x64.Build.0 = Debug|Any CPU
		{F6E0D17C-5ABC-4460-8971-8F0EA9722DF2}.Debug|x86.ActiveCfg = Debug|Any CPU
		{F6E0D17C-5ABC-4460-8971-8F0EA9722DF2}.Debug|x86.Build.0 = Debug|Any CPU
		{F6E0D17C-5ABC-4460-8971-8F0EA9722DF2}.Release|Any CPU.ActiveCfg = Release|Any CPU
		{F6E0D17C-5ABC-4460-8971-8F0EA9722DF2}.Release|Any CPU.Build.0 = Release|Any CPU
		{F6E0D17C-5ABC-4460-8971-8F0EA9722DF2}.Release|x64.ActiveCfg = Release|Any CPU
		{F6E0D17C-5ABC-4460-8971-8F0EA9722DF2}.Release|x64.Build.0 = Release|Any CPU
		{F6E0D17C-5ABC-4460-8971-8F0EA9722DF2}.Release|x86.ActiveCfg = Release|Any CPU
		{F6E0D17C-5ABC-4460-8971-8F0EA9722DF2}.Release|x86.Build.0 = Release|Any CPU
	EndGlobalSection
	GlobalSection(SolutionProperties) = preSolution
		HideSolutionNode = FALSE
	EndGlobalSection
	GlobalSection(NestedProjects) = preSolution
		{7A20BA9D-3200-4BA8-AFBD-BB83AAAB9CD5} = {81F07696-D7C3-48B8-A901-FCAC079F5F1F}
		{CA19829A-964C-4F03-A0AB-84781735202C} = {81F07696-D7C3-48B8-A901-FCAC079F5F1F}
		{F6E0D17C-5ABC-4460-8971-8F0EA9722DF2} = {81F07696-D7C3-48B8-A901-FCAC079F5F1F}
	EndGlobalSection
	GlobalSection(ExtensibilityGlobals) = postSolution
		SolutionGuid = {F2D34AE1-77B0-452C-BE73-C5BAED5EC8B7}
	EndGlobalSection
EndGlobal
